{
  "pins" : [
    {
      "identity" : "euclid",
      "kind" : "remoteSourceControl",
      "location" : "https://github.com/nicklockwood/Euclid.git",
      "state" : {
        "branch" : "develop",
        "revision" : "592813da27d87eff46b0c09e337942d177893d24"
      }
    },
    {
      "identity" : "javascriptkit",
      "kind" : "remoteSourceControl",
      "location" : "https://github.com/swiftwasm/JavaScriptKit.git",
      "state" : {
        "revision" : "2d7bc960eed438dce7355710ece43fa004bbb3ac",
        "version" : "0.15.0"
      }
    },
    {
      "identity" : "webapikit",
      "kind" : "remoteSourceControl",
      "location" : "https://github.com/swiftwasm/WebAPIKit.git",
      "state" : {
        "branch" : "main",
        "revision" : "78ca09cd99c367803a6cf793f231912ad707c45e"
      }
    }
  ],
  "version" : 2
}
